lockfileVersion: 5.3

importers:

  .:
    specifiers:
      test-cjs: workspace:*
      test-esm: workspace:*
      test-mixed: workspace:*
    dependencies:
      test-cjs: link:packages/test-cjs
      test-esm: link:packages/test-esm
      test-mixed: link:packages/test-mixed

  packages/test-cjs:
    specifiers: {}

  packages/test-esm:
    specifiers: {}

  packages/test-mixed:
    specifiers: {}
